
Microsoft Visual Studio Solution File, Format Version 12.00
# Visual Studio 14
VisualStudioVersion = 14.0.24720.0
MinimumVisualStudioVersion = 10.0.40219.1
Project("{FAE04EC0-301F-11D3-BF4B-00C04F79EFBC}") = "criptare_hash", "criptare_hash\criptare_hash.csproj", "{5EA18FE3-A2AB-4D84-801E-EE253B8C215B}"
EndProject
Global
	GlobalSection(SolutionConfigurationPlatforms) = preSolution
		Debug|Any CPU = Debug|Any CPU
		Release|Any CPU = Release|Any CPU
	EndGlobalSection
	GlobalSection(ProjectConfigurationPlatforms) = postSolution
		{5EA18FE3-A2AB-4D84-801E-EE253B8C215B}.Debug|Any CPU.ActiveCfg = Debug|Any CPU
		{5EA18FE3-A2AB-4D84-801E-EE253B8C215B}.Debug|Any CPU.Build.0 = Debug|Any CPU
		{5EA18FE3-A2AB-4D84-801E-EE253B8C215B}.Release|Any CPU.ActiveCfg = Release|Any CPU
		{5EA18FE3-A2AB-4D84-801E-EE253B8C215B}.Release|Any CPU.Build.0 = Release|Any CPU
	EndGlobalSection
	GlobalSection(SolutionProperties) = preSolution
		HideSolutionNode = FALSE
	EndGlobalSection
EndGlobal
